
Microsoft Visual Studio Solution File, Format Version 12.00
# Visual Studio 15
VisualStudioVersion = 15.0.27004.2009
MinimumVisualStudioVersion = 10.0.40219.1
Project("{FAE04EC0-301F-11D3-BF4B-00C04F79EFBC}") = "Switch It On!", "Switch It On!\Switch It On!.csproj", "{425CD358-4671-4AE8-933C-1970B8578069}"
EndProject
Global
	GlobalSection(SolutionConfigurationPlatforms) = preSolution
		Debug|Any CPU = Debug|Any CPU
		Release|Any CPU = Release|Any CPU
	EndGlobalSection
	GlobalSection(ProjectConfigurationPlatforms) = postSolution
		{425CD358-4671-4AE8-933C-1970B8578069}.Debug|Any CPU.ActiveCfg = Debug|Any CPU
		{425CD358-4671-4AE8-933C-1970B8578069}.Debug|Any CPU.Build.0 = Debug|Any CPU
		{425CD358-4671-4AE8-933C-1970B8578069}.Release|Any CPU.ActiveCfg = Release|Any CPU
		{425CD358-4671-4AE8-933C-1970B8578069}.Release|Any CPU.Build.0 = Release|Any CPU
	EndGlobalSection
	GlobalSection(SolutionProperties) = preSolution
		HideSolutionNode = FALSE
	EndGlobalSection
	GlobalSection(ExtensibilityGlobals) = postSolution
		SolutionGuid = {37A86899-3EC1-492B-A40D-BE85BC76846D}
	EndGlobalSection
EndGlobal
